// !$*UTF8*$!
{
	archiveVersion = 1;
	classes = {
	};
	objectVersion = 56;
	objects = {

/* Begin PBXBuildFile section */
		5799407D5A52707945C0A781 /* Pods_Ecommerce.framework in Frameworks */ = {isa = PBXBuildFile; fileRef = 107A7C89179CD6447E2578B6 /* Pods_Ecommerce.framework */; };
		E1136E352984F43700E68BA3 /* ViewController3.swift in Sources */ = {isa = PBXBuildFile; fileRef = E1136E342984F43700E68BA3 /* ViewController3.swift */; };
		E120A32E299A51CF00140721 /* ViewController4.swift in Sources */ = {isa = PBXBuildFile; fileRef = E120A32D299A51CF00140721 /* ViewController4.swift */; };
		E1365E0C2983EC870004B374 /* ViewController2.swift in Sources */ = {isa = PBXBuildFile; fileRef = E1365E0B2983EC870004B374 /* ViewController2.swift */; };
		E15515C329839940002F8604 /* AppDelegate.swift in Sources */ = {isa = PBXBuildFile; fileRef = E15515C229839940002F8604 /* AppDelegate.swift */; };
		E15515C529839940002F8604 /* SceneDelegate.swift in Sources */ = {isa = PBXBuildFile; fileRef = E15515C429839940002F8604 /* SceneDelegate.swift */; };
		E15515C729839940002F8604 /* ViewController.swift in Sources */ = {isa = PBXBuildFile; fileRef = E15515C629839940002F8604 /* ViewController.swift */; };
		E15515CA29839940002F8604 /* Main.storyboard in Resources */ = {isa = PBXBuildFile; fileRef = E15515C829839940002F8604 /* Main.storyboard */; };
		E15515CD29839940002F8604 /* Ecommerce.xcdatamodeld in Sources */ = {isa = PBXBuildFile; fileRef = E15515CB29839940002F8604 /* Ecommerce.xcdatamodeld */; };
		E15515CF29839942002F8604 /* Assets.xcassets in Resources */ = {isa = PBXBuildFile; fileRef = E15515CE29839942002F8604 /* Assets.xcassets */; };
		E15515D229839942002F8604 /* LaunchScreen.storyboard in Resources */ = {isa = PBXBuildFile; fileRef = E15515D029839942002F8604 /* LaunchScreen.storyboard */; };
		E15515DA298399A5002F8604 /* adddisplay.jpeg in Resources */ = {isa = PBXBuildFile; fileRef = E15515D9298399A5002F8604 /* adddisplay.jpeg */; };
		E15515DC29839A38002F8604 /* ViewController1.swift in Sources */ = {isa = PBXBuildFile; fileRef = E15515DB29839A38002F8604 /* ViewController1.swift */; };
/* End PBXBuildFile section */

/* Begin PBXFileReference section */
		107A7C89179CD6447E2578B6 /* Pods_Ecommerce.framework */ = {isa = PBXFileReference; explicitFileType = wrapper.framework; includeInIndex = 0; path = Pods_Ecommerce.framework; sourceTree = BUILT_PRODUCTS_DIR; };
		A85677BDA1A14649D769292C /* Pods-Ecommerce.release.xcconfig */ = {isa = PBXFileReference; includeInIndex = 1; lastKnownFileType = text.xcconfig; name = "Pods-Ecommerce.release.xcconfig"; path = "Target Support Files/Pods-Ecommerce/Pods-Ecommerce.release.xcconfig"; sourceTree = "<group>"; };
		AAE143A9B5A993A2DB76814A /* Pods-Ecommerce.debug.xcconfig */ = {isa = PBXFileReference; includeInIndex = 1; lastKnownFileType = text.xcconfig; name = "Pods-Ecommerce.debug.xcconfig"; path = "Target Support Files/Pods-Ecommerce/Pods-Ecommerce.debug.xcconfig"; sourceTree = "<group>"; };
		E1136E342984F43700E68BA3 /* ViewController3.swift */ = {isa = PBXFileReference; fileEncoding = 4; lastKnownFileType = sourcecode.swift; path = ViewController3.swift; sourceTree = "<group>"; };
		E120A32D299A51CF00140721 /* ViewController4.swift */ = {isa = PBXFileReference; lastKnownFileType = sourcecode.swift; path = ViewController4.swift; sourceTree = "<group>"; };
		E1365E0B2983EC870004B374 /* ViewController2.swift */ = {isa = PBXFileReference; lastKnownFileType = sourcecode.swift; path = ViewController2.swift; sourceTree = "<group>"; };
		E15515BF29839940002F8604 /* Ecommerce.app */ = {isa = PBXFileReference; explicitFileType = wrapper.application; includeInIndex = 0; path = Ecommerce.app; sourceTree = BUILT_PRODUCTS_DIR; };
		E15515C229839940002F8604 /* AppDelegate.swift */ = {isa = PBXFileReference; lastKnownFileType = sourcecode.swift; path = AppDelegate.swift; sourceTree = "<group>"; };
		E15515C429839940002F8604 /* SceneDelegate.swift */ = {isa = PBXFileReference; lastKnownFileType = sourcecode.swift; path = SceneDelegate.swift; sourceTree = "<group>"; };
		E15515C629839940002F8604 /* ViewController.swift */ = {isa = PBXFileReference; lastKnownFileType = sourcecode.swift; path = ViewController.swift; sourceTree = "<group>"; };
		E15515C929839940002F8604 /* Base */ = {isa = PBXFileReference; lastKnownFileType = file.storyboard; name = Base; path = Base.lproj/Main.storyboard; sourceTree = "<group>"; };
		E15515CC29839940002F8604 /* Ecommerce.xcdatamodel */ = {isa = PBXFileReference; lastKnownFileType = wrapper.xcdatamodel; path = Ecommerce.xcdatamodel; sourceTree = "<group>"; };
		E15515CE29839942002F8604 /* Assets.xcassets */ = {isa = PBXFileReference; lastKnownFileType = folder.assetcatalog; path = Assets.xcassets; sourceTree = "<group>"; };
		E15515D129839942002F8604 /* Base */ = {isa = PBXFileReference; lastKnownFileType = file.storyboard; name = Base; path = Base.lproj/LaunchScreen.storyboard; sourceTree = "<group>"; };
		E15515D329839942002F8604 /* Info.plist */ = {isa = PBXFileReference; lastKnownFileType = text.plist.xml; path = Info.plist; sourceTree = "<group>"; };
		E15515D9298399A5002F8604 /* adddisplay.jpeg */ = {isa = PBXFileReference; lastKnownFileType = image.jpeg; path = adddisplay.jpeg; sourceTree = "<group>"; };
		E15515DB29839A38002F8604 /* ViewController1.swift */ = {isa = PBXFileReference; lastKnownFileType = sourcecode.swift; path = ViewController1.swift; sourceTree = "<group>"; };
/* End PBXFileReference section */

/* Begin PBXFrameworksBuildPhase section */
		E15515BC29839940002F8604 /* Frameworks */ = {
			isa = PBXFrameworksBuildPhase;
			buildActionMask = 2147483647;
			files = (
				5799407D5A52707945C0A781 /* Pods_Ecommerce.framework in Frameworks */,
			);
			runOnlyForDeploymentPostprocessing = 0;
		};
/* End PBXFrameworksBuildPhase section */

/* Begin PBXGroup section */
		A157EBAFAC08218922AD51D2 /* Pods */ = {
			isa = PBXGroup;
			children = (
				AAE143A9B5A993A2DB76814A /* Pods-Ecommerce.debug.xcconfig */,
				A85677BDA1A14649D769292C /* Pods-Ecommerce.release.xcconfig */,
			);
			path = Pods;
			sourceTree = "<group>";
		};
		E15515B62983993F002F8604 = {
			isa = PBXGroup;
			children = (
				E15515C129839940002F8604 /* Ecommerce */,
				E15515C029839940002F8604 /* Products */,
				A157EBAFAC08218922AD51D2 /* Pods */,
				F8F57D45B105A8DAEA4EB85A /* Frameworks */,
			);
			sourceTree = "<group>";
		};
		E15515C029839940002F8604 /* Products */ = {
			isa = PBXGroup;
			children = (
				E15515BF29839940002F8604 /* Ecommerce.app */,
			);
			name = Products;
			sourceTree = "<group>";
		};
		E15515C129839940002F8604 /* Ecommerce */ = {
			isa = PBXGroup;
			children = (
				E15515C229839940002F8604 /* AppDelegate.swift */,
				E15515C429839940002F8604 /* SceneDelegate.swift */,
				E15515C629839940002F8604 /* ViewController.swift */,
				E15515C829839940002F8604 /* Main.storyboard */,
				E120A32D299A51CF00140721 /* ViewController4.swift */,
				E15515DB29839A38002F8604 /* ViewController1.swift */,
				E1365E0B2983EC870004B374 /* ViewController2.swift */,
				E1136E342984F43700E68BA3 /* ViewController3.swift */,
				E15515D9298399A5002F8604 /* adddisplay.jpeg */,
				E15515CE29839942002F8604 /* Assets.xcassets */,
				E15515D029839942002F8604 /* LaunchScreen.storyboard */,
				E15515D329839942002F8604 /* Info.plist */,
				E15515CB29839940002F8604 /* Ecommerce.xcdatamodeld */,
			);
			path = Ecommerce;
			sourceTree = "<group>";
		};
		F8F57D45B105A8DAEA4EB85A /* Frameworks */ = {
			isa = PBXGroup;
			children = (
				107A7C89179CD6447E2578B6 /* Pods_Ecommerce.framework */,
			);
			name = Frameworks;
			sourceTree = "<group>";
		};
/* End PBXGroup section */

/* Begin PBXNativeTarget section */
		E15515BE29839940002F8604 /* Ecommerce */ = {
			isa = PBXNativeTarget;
			buildConfigurationList = E15515D629839942002F8604 /* Build configuration list for PBXNativeTarget "Ecommerce" */;
			buildPhases = (
				0D61B7F938A43A1C91AE2436 /* [CP] Check Pods Manifest.lock */,
				E15515BB29839940002F8604 /* Sources */,
				E15515BC29839940002F8604 /* Frameworks */,
				E15515BD29839940002F8604 /* Resources */,
				4B53E30BA95A886D55754296 /* [CP] Embed Pods Frameworks */,
			);
			buildRules = (
			);
			dependencies = (
			);
			name = Ecommerce;
			productName = Ecommerce;
			productReference = E15515BF29839940002F8604 /* Ecommerce.app */;
			productType = "com.apple.product-type.application";
		};
/* End PBXNativeTarget section */

/* Begin PBXProject section */
		E15515B72983993F002F8604 /* Project object */ = {
			isa = PBXProject;
			attributes = {
				BuildIndependentTargetsInParallel = 1;
				LastSwiftUpdateCheck = 1420;
				LastUpgradeCheck = 1420;
				TargetAttributes = {
					E15515BE29839940002F8604 = {
						CreatedOnToolsVersion = 14.2;
					};
				};
			};
			buildConfigurationList = E15515BA2983993F002F8604 /* Build configuration list for PBXProject "Ecommerce" */;
			compatibilityVersion = "Xcode 14.0";
			developmentRegion = en;
			hasScannedForEncodings = 0;
			knownRegions = (
				en,
				Base,
			);
			mainGroup = E15515B62983993F002F8604;
			productRefGroup = E15515C029839940002F8604 /* Products */;
			projectDirPath = "";
			projectRoot = "";
			targets = (
				E15515BE29839940002F8604 /* Ecommerce */,
			);
		};
/* End PBXProject section */

/* Begin PBXResourcesBuildPhase section */
		E15515BD29839940002F8604 /* Resources */ = {
			isa = PBXResourcesBuildPhase;
			buildActionMask = 2147483647;
			files = (
				E15515D229839942002F8604 /* LaunchScreen.storyboard in Resources */,
				E15515CF29839942002F8604 /* Assets.xcassets in Resources */,
				E15515DA298399A5002F8604 /* adddisplay.jpeg in Resources */,
				E15515CA29839940002F8604 /* Main.storyboard in Resources */,
			);
			runOnlyForDeploymentPostprocessing = 0;
		};
/* End PBXResourcesBuildPhase section */

/* Begin PBXShellScriptBuildPhase section */
		0D61B7F938A43A1C91AE2436 /* [CP] Check Pods Manifest.lock */ = {
			isa = PBXShellScriptBuildPhase;
			buildActionMask = 2147483647;
			files = (
			);
			inputFileListPaths = (
			);
			inputPaths = (
				"${PODS_PODFILE_DIR_PATH}/Podfile.lock",
				"${PODS_ROOT}/Manifest.lock",
			);
			name = "[CP] Check Pods Manifest.lock";
			outputFileListPaths = (
			);
			outputPaths = (
				"$(DERIVED_FILE_DIR)/Pods-Ecommerce-checkManifestLockResult.txt",
			);
			runOnlyForDeploymentPostprocessing = 0;
			shellPath = /bin/sh;
			shellScript = "diff \"${PODS_PODFILE_DIR_PATH}/Podfile.lock\" \"${PODS_ROOT}/Manifest.lock\" > /dev/null\nif [ $? != 0 ] ; then\n    # print error to STDERR\n    echo \"error: The sandbox is not in sync with the Podfile.lock. Run 'pod install' or update your CocoaPods installation.\" >&2\n    exit 1\nfi\n# This output is used by Xcode 'outputs' to avoid re-running this script phase.\necho \"SUCCESS\" > \"${SCRIPT_OUTPUT_FILE_0}\"\n";
			showEnvVarsInLog = 0;
		};
		4B53E30BA95A886D55754296 /* [CP] Embed Pods Frameworks */ = {
			isa = PBXShellScriptBuildPhase;
			buildActionMask = 2147483647;
			files = (
			);
			inputFileListPaths = (
				"${PODS_ROOT}/Target Support Files/Pods-Ecommerce/Pods-Ecommerce-frameworks-${CONFIGURATION}-input-files.xcfilelist",
			);
			name = "[CP] Embed Pods Frameworks";
			outputFileListPaths = (
				"${PODS_ROOT}/Target Support Files/Pods-Ecommerce/Pods-Ecommerce-frameworks-${CONFIGURATION}-output-files.xcfilelist",
			);
			runOnlyForDeploymentPostprocessing = 0;
			shellPath = /bin/sh;
			shellScript = "\"${PODS_ROOT}/Target Support Files/Pods-Ecommerce/Pods-Ecommerce-frameworks.sh\"\n";
			showEnvVarsInLog = 0;
		};
/* End PBXShellScriptBuildPhase section */

/* Begin PBXSourcesBuildPhase section */
		E15515BB29839940002F8604 /* Sources */ = {
			isa = PBXSourcesBuildPhase;
			buildActionMask = 2147483647;
			files = (
				E15515C729839940002F8604 /* ViewController.swift in Sources */,
				E15515DC29839A38002F8604 /* ViewController1.swift in Sources */,
				E15515C329839940002F8604 /* AppDelegate.swift in Sources */,
				E120A32E299A51CF00140721 /* ViewController4.swift in Sources */,
				E15515CD29839940002F8604 /* Ecommerce.xcdatamodeld in Sources */,
				E15515C529839940002F8604 /* SceneDelegate.swift in Sources */,
				E1136E352984F43700E68BA3 /* ViewController3.swift in Sources */,
				E1365E0C2983EC870004B374 /* ViewController2.swift in Sources */,
			);
			runOnlyForDeploymentPostprocessing = 0;
		};
/* End PBXSourcesBuildPhase section */

/* Begin PBXVariantGroup section */
		E15515C829839940002F8604 /* Main.storyboard */ = {
			isa = PBXVariantGroup;
			children = (
				E15515C929839940002F8604 /* Base */,
			);
			name = Main.storyboard;
			sourceTree = "<group>";
		};
		E15515D029839942002F8604 /* LaunchScreen.storyboard */ = {
			isa = PBXVariantGroup;
			children = (
				E15515D129839942002F8604 /* Base */,
			);
			name = LaunchScreen.storyboard;
			sourceTree = "<group>";
		};
/* End PBXVariantGroup section */

/* Begin XCBuildConfiguration section */
		E15515D429839942002F8604 /* Debug */ = {
			isa = XCBuildConfiguration;
			buildSettings = {
				ALWAYS_SEARCH_USER_PATHS = NO;
				CLANG_ANALYZER_NONNULL = YES;
				CLANG_ANALYZER_NUMBER_OBJECT_CONVERSION = YES_AGGRESSIVE;
				CLANG_CXX_LANGUAGE_STANDARD = "gnu++20";
				CLANG_ENABLE_MODULES = YES;
				CLANG_ENABLE_OBJC_ARC = YES;
				CLANG_ENABLE_OBJC_WEAK = YES;
				CLANG_WARN_BLOCK_CAPTURE_AUTORELEASING = YES;
				CLANG_WARN_BOOL_CONVERSION = YES;
				CLANG_WARN_COMMA = YES;
				CLANG_WARN_CONSTANT_CONVERSION = YES;
				CLANG_WARN_DEPRECATED_OBJC_IMPLEMENTATIONS = YES;
				CLANG_WARN_DIRECT_OBJC_ISA_USAGE = YES_ERROR;
				CLANG_WARN_DOCUMENTATION_COMMENTS = YES;
				CLANG_WARN_EMPTY_BODY = YES;
				CLANG_WARN_ENUM_CONVERSION = YES;
				CLANG_WARN_INFINITE_RECURSION = YES;
				CLANG_WARN_INT_CONVERSION = YES;
				CLANG_WARN_NON_LITERAL_NULL_CONVERSION = YES;
				CLANG_WARN_OBJC_IMPLICIT_RETAIN_SELF = YES;
				CLANG_WARN_OBJC_LITERAL_CONVERSION = YES;
				CLANG_WARN_OBJC_ROOT_CLASS = YES_ERROR;
				CLANG_WARN_QUOTED_INCLUDE_IN_FRAMEWORK_HEADER = YES;
				CLANG_WARN_RANGE_LOOP_ANALYSIS = YES;
				CLANG_WARN_STRICT_PROTOTYPES = YES;
				CLANG_WARN_SUSPICIOUS_MOVE = YES;
				CLANG_WARN_UNGUARDED_AVAILABILITY = YES_AGGRESSIVE;
				CLANG_WARN_UNREACHABLE_CODE = YES;
				CLANG_WARN__DUPLICATE_METHOD_MATCH = YES;
				COPY_PHASE_STRIP = NO;
				DEBUG_INFORMATION_FORMAT = dwarf;
				ENABLE_STRICT_OBJC_MSGSEND = YES;
				ENABLE_TESTABILITY = YES;
				GCC_C_LANGUAGE_STANDARD = gnu11;
				GCC_DYNAMIC_NO_PIC = NO;
				GCC_NO_COMMON_BLOCKS = YES;
				GCC_OPTIMIZATION_LEVEL = 0;
				GCC_PREPROCESSOR_DEFINITIONS = (
					"DEBUG=1",
					"$(inherited)",
				);
				GCC_WARN_64_TO_32_BIT_CONVERSION = YES;
				GCC_WARN_ABOUT_RETURN_TYPE = YES_ERROR;
				GCC_WARN_UNDECLARED_SELECTOR = YES;
				GCC_WARN_UNINITIALIZED_AUTOS = YES_AGGRESSIVE;
				GCC_WARN_UNUSED_FUNCTION = YES;
				GCC_WARN_UNUSED_VARIABLE = YES;
				IPHONEOS_DEPLOYMENT_TARGET = 16.2;
				MTL_ENABLE_DEBUG_INFO = INCLUDE_SOURCE;
				MTL_FAST_MATH = YES;
				ONLY_ACTIVE_ARCH = YES;
				SDKROOT = iphoneos;
				SWIFT_ACTIVE_COMPILATION_CONDITIONS = DEBUG;
				SWIFT_OPTIMIZATION_LEVEL = "-Onone";
			};
			name = Debug;
		};
		E15515D529839942002F8604 /* Release */ = {
			isa = XCBuildConfiguration;
			buildSettings = {
				ALWAYS_SEARCH_USER_PATHS = NO;
				CLANG_ANALYZER_NONNULL = YES;
				CLANG_ANALYZER_NUMBER_OBJECT_CONVERSION = YES_AGGRESSIVE;
				CLANG_CXX_LANGUAGE_STANDARD = "gnu++20";
				CLANG_ENABLE_MODULES = YES;
				CLANG_ENABLE_OBJC_ARC = YES;
				CLANG_ENABLE_OBJC_WEAK = YES;
				CLANG_WARN_BLOCK_CAPTURE_AUTORELEASING = YES;
				CLANG_WARN_BOOL_CONVERSION = YES;
				CLANG_WARN_COMMA = YES;
				CLANG_WARN_CONSTANT_CONVERSION = YES;
				CLANG_WARN_DEPRECATED_OBJC_IMPLEMENTATIONS = YES;
				CLANG_WARN_DIRECT_OBJC_ISA_USAGE = YES_ERROR;
				CLANG_WARN_DOCUMENTATION_COMMENTS = YES;
				CLANG_WARN_EMPTY_BODY = YES;
				CLANG_WARN_ENUM_CONVERSION = YES;
				CLANG_WARN_INFINITE_RECURSION = YES;
				CLANG_WARN_INT_CONVERSION = YES;
				CLANG_WARN_NON_LITERAL_NULL_CONVERSION = YES;
				CLANG_WARN_OBJC_IMPLICIT_RETAIN_SELF = YES;
				CLANG_WARN_OBJC_LITERAL_CONVERSION = YES;
				CLANG_WARN_OBJC_ROOT_CLASS = YES_ERROR;
				CLANG_WARN_QUOTED_INCLUDE_IN_FRAMEWORK_HEADER = YES;
				CLANG_WARN_RANGE_LOOP_ANALYSIS = YES;
				CLANG_WARN_STRICT_PROTOTYPES = YES;
				CLANG_WARN_SUSPICIOUS_MOVE = YES;
				CLANG_WARN_UNGUARDED_AVAILABILITY = YES_AGGRESSIVE;
				CLANG_WARN_UNREACHABLE_CODE = YES;
				CLANG_WARN__DUPLICATE_METHOD_MATCH = YES;
				COPY_PHASE_STRIP = NO;
				DEBUG_INFORMATION_FORMAT = "dwarf-with-dsym";
				ENABLE_NS_ASSERTIONS = NO;
				ENABLE_STRICT_OBJC_MSGSEND = YES;
				GCC_C_LANGUAGE_STANDARD = gnu11;
				GCC_NO_COMMON_BLOCKS = YES;
				GCC_WARN_64_TO_32_BIT_CONVERSION = YES;
				GCC_WARN_ABOUT_RETURN_TYPE = YES_ERROR;
				GCC_WARN_UNDECLARED_SELECTOR = YES;
				GCC_WARN_UNINITIALIZED_AUTOS = YES_AGGRESSIVE;
				GCC_WARN_UNUSED_FUNCTION = YES;
				GCC_WARN_UNUSED_VARIABLE = YES;
				IPHONEOS_DEPLOYMENT_TARGET = 16.2;
				MTL_ENABLE_DEBUG_INFO = NO;
				MTL_FAST_MATH = YES;
				SDKROOT = iphoneos;
				SWIFT_COMPILATION_MODE = wholemodule;
				SWIFT_OPTIMIZATION_LEVEL = "-O";
				VALIDATE_PRODUCT = YES;
			};
			name = Release;
		};
		E15515D729839942002F8604 /* Debug */ = {
			isa = XCBuildConfiguration;
			baseConfigurationReference = AAE143A9B5A993A2DB76814A /* Pods-Ecommerce.debug.xcconfig */;
			buildSettings = {
				ASSETCATALOG_COMPILER_APPICON_NAME = AppIcon;
				ASSETCATALOG_COMPILER_GLOBAL_ACCENT_COLOR_NAME = AccentColor;
				CODE_SIGN_STYLE = Automatic;
				CURRENT_PROJECT_VERSION = 1;
				DEVELOPMENT_TEAM = CVSFX684F5;
				GENERATE_INFOPLIST_FILE = YES;
				INFOPLIST_FILE = Ecommerce/Info.plist;
				INFOPLIST_KEY_UIApplicationSupportsIndirectInputEvents = YES;
				INFOPLIST_KEY_UILaunchStoryboardName = LaunchScreen;
				INFOPLIST_KEY_UIMainStoryboardFile = Main;
				INFOPLIST_KEY_UISupportedInterfaceOrientations_iPad = "UIInterfaceOrientationPortrait UIInterfaceOrientationPortraitUpsideDown UIInterfaceOrientationLandscapeLeft UIInterfaceOrientationLandscapeRight";
				INFOPLIST_KEY_UISupportedInterfaceOrientations_iPhone = "UIInterfaceOrientationPortrait UIInterfaceOrientationLandscapeLeft UIInterfaceOrientationLandscapeRight";
				LD_RUNPATH_SEARCH_PATHS = (
					"$(inherited)",
					"@executable_path/Frameworks",
				);
				MARKETING_VERSION = 1.0;
				PRODUCT_BUNDLE_IDENTIFIER = akashpadhiyar.com.Ecommerce;
				PRODUCT_NAME = "$(TARGET_NAME)";
				SWIFT_EMIT_LOC_STRINGS = YES;
				SWIFT_VERSION = 5.0;
				TARGETED_DEVICE_FAMILY = "1,2";
			};
			name = Debug;
		};
		E15515D829839942002F8604 /* Release */ = {
			isa = XCBuildConfiguration;
			baseConfigurationReference = A85677BDA1A14649D769292C /* Pods-Ecommerce.release.xcconfig */;
			buildSettings = {
				ASSETCATALOG_COMPILER_APPICON_NAME = AppIcon;
				ASSETCATALOG_COMPILER_GLOBAL_ACCENT_COLOR_NAME = AccentColor;
				CODE_SIGN_STYLE = Automatic;
				CURRENT_PROJECT_VERSION = 1;
				DEVELOPMENT_TEAM = CVSFX684F5;
				GENERATE_INFOPLIST_FILE = YES;
				INFOPLIST_FILE = Ecommerce/Info.plist;
				INFOPLIST_KEY_UIApplicationSupportsIndirectInputEvents = YES;
				INFOPLIST_KEY_UILaunchStoryboardName = LaunchScreen;
				INFOPLIST_KEY_UIMainStoryboardFile = Main;
				INFOPLIST_KEY_UISupportedInterfaceOrientations_iPad = "UIInterfaceOrientationPortrait UIInterfaceOrientationPortraitUpsideDown UIInterfaceOrientationLandscapeLeft UIInterfaceOrientationLandscapeRight";
				INFOPLIST_KEY_UISupportedInterfaceOrientations_iPhone = "UIInterfaceOrientationPortrait UIInterfaceOrientationLandscapeLeft UIInterfaceOrientationLandscapeRight";
				LD_RUNPATH_SEARCH_PATHS = (
					"$(inherited)",
					"@executable_path/Frameworks",
				);
				MARKETING_VERSION = 1.0;
				PRODUCT_BUNDLE_IDENTIFIER = akashpadhiyar.com.Ecommerce;
				PRODUCT_NAME = "$(TARGET_NAME)";
				SWIFT_EMIT_LOC_STRINGS = YES;
				SWIFT_VERSION = 5.0;
				TARGETED_DEVICE_FAMILY = "1,2";
			};
			name = Release;
		};
/* End XCBuildConfiguration section */

/* Begin XCConfigurationList section */
		E15515BA2983993F002F8604 /* Build configuration list for PBXProject "Ecommerce" */ = {
			isa = XCConfigurationList;
			buildConfigurations = (
				E15515D429839942002F8604 /* Debug */,
				E15515D529839942002F8604 /* Release */,
			);
			defaultConfigurationIsVisible = 0;
			defaultConfigurationName = Release;
		};
		E15515D629839942002F8604 /* Build configuration list for PBXNativeTarget "Ecommerce" */ = {
			isa = XCConfigurationList;
			buildConfigurations = (
				E15515D729839942002F8604 /* Debug */,
				E15515D829839942002F8604 /* Release */,
			);
			defaultConfigurationIsVisible = 0;
			defaultConfigurationName = Release;
		};
/* End XCConfigurationList section */

/* Begin XCVersionGroup section */
		E15515CB29839940002F8604 /* Ecommerce.xcdatamodeld */ = {
			isa = XCVersionGroup;
			children = (
				E15515CC29839940002F8604 /* Ecommerce.xcdatamodel */,
			);
			currentVersion = E15515CC29839940002F8604 /* Ecommerce.xcdatamodel */;
			path = Ecommerce.xcdatamodeld;
			sourceTree = "<group>";
			versionGroupType = wrapper.xcdatamodel;
		};
/* End XCVersionGroup section */
	};
	rootObject = E15515B72983993F002F8604 /* Project object */;
}
